
Microsoft Visual Studio Solution File, Format Version 12.00
# Visual Studio Version 17
VisualStudioVersion = 17.3.32804.467
MinimumVisualStudioVersion = 10.0.40219.1
Project("{FAE04EC0-301F-11D3-BF4B-00C04F79EFBC}") = "The App That Does Nothing", "The App That Does Nothing\The App That Does Nothing.csproj", "{289A4DCF-7E96-4E6C-A96D-EC65E7C5056D}"
EndProject
Global
	GlobalSection(SolutionConfigurationPlatforms) = preSolution
		Debug|Any CPU = Debug|Any CPU
		Release|Any CPU = Release|Any CPU
	EndGlobalSection
	GlobalSection(ProjectConfigurationPlatforms) = postSolution
		{289A4DCF-7E96-4E6C-A96D-EC65E7C5056D}.Debug|Any CPU.ActiveCfg = Debug|Any CPU
		{289A4DCF-7E96-4E6C-A96D-EC65E7C5056D}.Debug|Any CPU.Build.0 = Debug|Any CPU
		{289A4DCF-7E96-4E6C-A96D-EC65E7C5056D}.Release|Any CPU.ActiveCfg = Release|Any CPU
		{289A4DCF-7E96-4E6C-A96D-EC65E7C5056D}.Release|Any CPU.Build.0 = Release|Any CPU
	EndGlobalSection
	GlobalSection(SolutionProperties) = preSolution
		HideSolutionNode = FALSE
	EndGlobalSection
	GlobalSection(ExtensibilityGlobals) = postSolution
		SolutionGuid = {63FB837F-82E1-4634-81F1-985A1C22EFE3}
	EndGlobalSection
EndGlobal
